// !$*UTF8*$!
{
	archiveVersion = 1;
	classes = {
	};
	objectVersion = 46;
	objects = {

/* Begin PBXBuildFile section */
		0D0C902B192C94D700C08CA1 /* SLTextData.m in Sources */ = {isa = PBXBuildFile; fileRef = 0D0C902A192C94D700C08CA1 /* SLTextData.m */; };
		0D0C902E192C96AE00C08CA1 /* SLTextDataProvider.m in Sources */ = {isa = PBXBuildFile; fileRef = 0D0C902D192C96AE00C08CA1 /* SLTextDataProvider.m */; };
		0D5F6431192D9F4200D7C375 /* SLHistoryTopView.m in Sources */ = {isa = PBXBuildFile; fileRef = 0D5F6430192D9F4200D7C375 /* SLHistoryTopView.m */; };
		0D5F6433192DA54900D7C375 /* new@2x.png in Resources */ = {isa = PBXBuildFile; fileRef = 0D5F6432192DA54900D7C375 /* new@2x.png */; };
		0D6A5A61192C53B600FF609B /* cloud@2x.png in Resources */ = {isa = PBXBuildFile; fileRef = 0D6A5A46192C53B600FF609B /* cloud@2x.png */; };
		0D6A5A62192C53B600FF609B /* cloud_down@2x.png in Resources */ = {isa = PBXBuildFile; fileRef = 0D6A5A47192C53B600FF609B /* cloud_down@2x.png */; };
		0D6A5A63192C53B600FF609B /* cloud_up@2x.png in Resources */ = {isa = PBXBuildFile; fileRef = 0D6A5A48192C53B600FF609B /* cloud_up@2x.png */; };
		0D6A5A65192C53B600FF609B /* dayone@2x.png in Resources */ = {isa = PBXBuildFile; fileRef = 0D6A5A4A192C53B600FF609B /* dayone@2x.png */; };
		0D6A5A66192C53B600FF609B /* down@2x.png in Resources */ = {isa = PBXBuildFile; fileRef = 0D6A5A4B192C53B600FF609B /* down@2x.png */; };
		0D6A5A67192C53B600FF609B /* eye@2x.png in Resources */ = {isa = PBXBuildFile; fileRef = 0D6A5A4C192C53B600FF609B /* eye@2x.png */; };
		0D6A5A68192C53B600FF609B /* help@2x.png in Resources */ = {isa = PBXBuildFile; fileRef = 0D6A5A4D192C53B600FF609B /* help@2x.png */; };
		0D6A5A69192C53B600FF609B /* history@2x.png in Resources */ = {isa = PBXBuildFile; fileRef = 0D6A5A4E192C53B600FF609B /* history@2x.png */; };
		0D6A5A6A192C53B600FF609B /* info@2x.png in Resources */ = {isa = PBXBuildFile; fileRef = 0D6A5A4F192C53B600FF609B /* info@2x.png */; };
		0D6A5A6B192C53B600FF609B /* lock@2x.png in Resources */ = {isa = PBXBuildFile; fileRef = 0D6A5A50192C53B600FF609B /* lock@2x.png */; };
		0D6A5A6C192C53B600FF609B /* lock_open@2x.png in Resources */ = {isa = PBXBuildFile; fileRef = 0D6A5A51192C53B600FF609B /* lock_open@2x.png */; };
		0D6A5A6D192C53B600FF609B /* loop@2x.png in Resources */ = {isa = PBXBuildFile; fileRef = 0D6A5A52192C53B600FF609B /* loop@2x.png */; };
		0D6A5A6E192C53B600FF609B /* money@2x.png in Resources */ = {isa = PBXBuildFile; fileRef = 0D6A5A53192C53B600FF609B /* money@2x.png */; };
		0D6A5A6F192C53B600FF609B /* no@2x.png in Resources */ = {isa = PBXBuildFile; fileRef = 0D6A5A54192C53B600FF609B /* no@2x.png */; };
		0D6A5A70192C53B600FF609B /* pause@2x.png in Resources */ = {isa = PBXBuildFile; fileRef = 0D6A5A55192C53B600FF609B /* pause@2x.png */; };
		0D6A5A71192C53B600FF609B /* pictures@2x.png in Resources */ = {isa = PBXBuildFile; fileRef = 0D6A5A56192C53B600FF609B /* pictures@2x.png */; };
		0D6A5A72192C53B600FF609B /* play@2x.png in Resources */ = {isa = PBXBuildFile; fileRef = 0D6A5A57192C53B600FF609B /* play@2x.png */; };
		0D6A5A73192C53B600FF609B /* redo@2x.png in Resources */ = {isa = PBXBuildFile; fileRef = 0D6A5A58192C53B600FF609B /* redo@2x.png */; };
		0D6A5A74192C53B600FF609B /* settings@2x.png in Resources */ = {isa = PBXBuildFile; fileRef = 0D6A5A59192C53B600FF609B /* settings@2x.png */; };
		0D6A5A75192C53B600FF609B /* share@2x.png in Resources */ = {isa = PBXBuildFile; fileRef = 0D6A5A5A192C53B600FF609B /* share@2x.png */; };
		0D6A5A76192C53B600FF609B /* stack@2x.png in Resources */ = {isa = PBXBuildFile; fileRef = 0D6A5A5B192C53B600FF609B /* stack@2x.png */; };
		0D6A5A77192C53B600FF609B /* star@2x.png in Resources */ = {isa = PBXBuildFile; fileRef = 0D6A5A5C192C53B600FF609B /* star@2x.png */; };
		0D6A5A78192C53B600FF609B /* thought@2x.png in Resources */ = {isa = PBXBuildFile; fileRef = 0D6A5A5D192C53B600FF609B /* thought@2x.png */; };
		0D6A5A79192C53B600FF609B /* undo@2x.png in Resources */ = {isa = PBXBuildFile; fileRef = 0D6A5A5E192C53B600FF609B /* undo@2x.png */; };
		0D6A5A7A192C53B600FF609B /* waste@2x.png in Resources */ = {isa = PBXBuildFile; fileRef = 0D6A5A5F192C53B600FF609B /* waste@2x.png */; };
		0D6A5A7B192C53B600FF609B /* yes@2x.png in Resources */ = {isa = PBXBuildFile; fileRef = 0D6A5A60192C53B600FF609B /* yes@2x.png */; };
		0D6A5A80192C552200FF609B /* bg@2x.jpg in Resources */ = {isa = PBXBuildFile; fileRef = 0D6A5A7C192C552200FF609B /* bg@2x.jpg */; };
		0D6A5A81192C552200FF609B /* game@2x.png in Resources */ = {isa = PBXBuildFile; fileRef = 0D6A5A7D192C552200FF609B /* game@2x.png */; };
		0D6A5A82192C552200FF609B /* keyboard@2x.png in Resources */ = {isa = PBXBuildFile; fileRef = 0D6A5A7E192C552200FF609B /* keyboard@2x.png */; };
		0D6A5A83192C552200FF609B /* mic@2x.png in Resources */ = {isa = PBXBuildFile; fileRef = 0D6A5A7F192C552200FF609B /* mic@2x.png */; };
		0D6A5A92192C605E00FF609B /* apple@2x.png in Resources */ = {isa = PBXBuildFile; fileRef = 0D6A5A84192C605E00FF609B /* apple@2x.png */; };
		0D6A5A93192C605E00FF609B /* dropbox@2x.png in Resources */ = {isa = PBXBuildFile; fileRef = 0D6A5A85192C605E00FF609B /* dropbox@2x.png */; };
		0D6A5A94192C605E00FF609B /* facebook@2x.png in Resources */ = {isa = PBXBuildFile; fileRef = 0D6A5A86192C605E00FF609B /* facebook@2x.png */; };
		0D6A5A95192C605E00FF609B /* google_plus@2x.png in Resources */ = {isa = PBXBuildFile; fileRef = 0D6A5A87192C605E00FF609B /* google_plus@2x.png */; };
		0D6A5A96192C605E00FF609B /* qq@2x.png in Resources */ = {isa = PBXBuildFile; fileRef = 0D6A5A88192C605E00FF609B /* qq@2x.png */; };
		0D6A5A97192C605E00FF609B /* send@2x.png in Resources */ = {isa = PBXBuildFile; fileRef = 0D6A5A89192C605E00FF609B /* send@2x.png */; };
		0D6A5A98192C605E00FF609B /* share_arrow@2x.png in Resources */ = {isa = PBXBuildFile; fileRef = 0D6A5A8A192C605E00FF609B /* share_arrow@2x.png */; };
		0D6A5A99192C605E00FF609B /* slack@2x.png in Resources */ = {isa = PBXBuildFile; fileRef = 0D6A5A8B192C605E00FF609B /* slack@2x.png */; };
		0D6A5A9A192C605E00FF609B /* sms@2x.png in Resources */ = {isa = PBXBuildFile; fileRef = 0D6A5A8C192C605E00FF609B /* sms@2x.png */; };
		0D6A5A9B192C605E00FF609B /* trello@2x.png in Resources */ = {isa = PBXBuildFile; fileRef = 0D6A5A8D192C605E00FF609B /* trello@2x.png */; };
		0D6A5A9C192C605E00FF609B /* twitter@2x.png in Resources */ = {isa = PBXBuildFile; fileRef = 0D6A5A8E192C605E00FF609B /* twitter@2x.png */; };
		0D6A5A9D192C605E00FF609B /* weibo_tenxun.png in Resources */ = {isa = PBXBuildFile; fileRef = 0D6A5A8F192C605E00FF609B /* weibo_tenxun.png */; };
		0D6A5A9E192C605E00FF609B /* weibo@2x.png in Resources */ = {isa = PBXBuildFile; fileRef = 0D6A5A90192C605E00FF609B /* weibo@2x.png */; };
		0D6A5A9F192C605E00FF609B /* weixin@2x.png in Resources */ = {isa = PBXBuildFile; fileRef = 0D6A5A91192C605E00FF609B /* weixin@2x.png */; };
		0D6A5AA3192C686700FF609B /* tweetbot@2x.png in Resources */ = {isa = PBXBuildFile; fileRef = 0D6A5AA2192C686700FF609B /* tweetbot@2x.png */; };
		0D6A5AA7192C6A4800FF609B /* AVFoundation.framework in Frameworks */ = {isa = PBXBuildFile; fileRef = 0D6A5AA6192C6A4800FF609B /* AVFoundation.framework */; };
		0D6A5AA9192C6A5400FF609B /* AddressBook.framework in Frameworks */ = {isa = PBXBuildFile; fileRef = 0D6A5AA8192C6A5400FF609B /* AddressBook.framework */; };
		0D6A5AAB192C6A5F00FF609B /* SystemConfiguration.framework in Frameworks */ = {isa = PBXBuildFile; fileRef = 0D6A5AAA192C6A5F00FF609B /* SystemConfiguration.framework */; };
		0D6A5AAD192C6A6600FF609B /* AudioToolbox.framework in Frameworks */ = {isa = PBXBuildFile; fileRef = 0D6A5AAC192C6A6600FF609B /* AudioToolbox.framework */; };
		0D6A5AAF192C6AF600FF609B /* iflyMSC.framework in Frameworks */ = {isa = PBXBuildFile; fileRef = 0D6A5AAE192C6AF600FF609B /* iflyMSC.framework */; };
		0D6BBB47192F9753006C29BB /* NSArray+MZAddition.m in Sources */ = {isa = PBXBuildFile; fileRef = 0D6BBB46192F9753006C29BB /* NSArray+MZAddition.m */; };
		0D8FAF6D1927A876004DF862 /* Foundation.framework in Frameworks */ = {isa = PBXBuildFile; fileRef = 0D8FAF6C1927A876004DF862 /* Foundation.framework */; };
		0D8FAF6F1927A876004DF862 /* CoreGraphics.framework in Frameworks */ = {isa = PBXBuildFile; fileRef = 0D8FAF6E1927A876004DF862 /* CoreGraphics.framework */; };
		0D8FAF711927A876004DF862 /* UIKit.framework in Frameworks */ = {isa = PBXBuildFile; fileRef = 0D8FAF701927A876004DF862 /* UIKit.framework */; };
		0D8FAF771927A876004DF862 /* InfoPlist.strings in Resources */ = {isa = PBXBuildFile; fileRef = 0D8FAF751927A876004DF862 /* InfoPlist.strings */; };
		0D8FAF791927A876004DF862 /* main.m in Sources */ = {isa = PBXBuildFile; fileRef = 0D8FAF781927A876004DF862 /* main.m */; };
		0D8FAF7D1927A876004DF862 /* SLAppDelegate.m in Sources */ = {isa = PBXBuildFile; fileRef = 0D8FAF7C1927A876004DF862 /* SLAppDelegate.m */; };
		0D8FAF7F1927A876004DF862 /* Images.xcassets in Resources */ = {isa = PBXBuildFile; fileRef = 0D8FAF7E1927A876004DF862 /* Images.xcassets */; };
		0D8FAF861927A876004DF862 /* XCTest.framework in Frameworks */ = {isa = PBXBuildFile; fileRef = 0D8FAF851927A876004DF862 /* XCTest.framework */; };
		0D8FAF871927A876004DF862 /* Foundation.framework in Frameworks */ = {isa = PBXBuildFile; fileRef = 0D8FAF6C1927A876004DF862 /* Foundation.framework */; };
		0D8FAF881927A876004DF862 /* UIKit.framework in Frameworks */ = {isa = PBXBuildFile; fileRef = 0D8FAF701927A876004DF862 /* UIKit.framework */; };
		0D8FAF901927A876004DF862 /* InfoPlist.strings in Resources */ = {isa = PBXBuildFile; fileRef = 0D8FAF8E1927A876004DF862 /* InfoPlist.strings */; };
		0D8FAF921927A876004DF862 /* soulightTests.m in Sources */ = {isa = PBXBuildFile; fileRef = 0D8FAF911927A876004DF862 /* soulightTests.m */; };
		0D8FAFA01927A953004DF862 /* SLHomeViewController.m in Sources */ = {isa = PBXBuildFile; fileRef = 0D8FAF9E1927A953004DF862 /* SLHomeViewController.m */; };
		0D8FAFA11927A953004DF862 /* SLHomeViewController.xib in Resources */ = {isa = PBXBuildFile; fileRef = 0D8FAF9F1927A953004DF862 /* SLHomeViewController.xib */; };
		0DA6F0FE192B170F00C991F3 /* SLHistoryViewController.m in Sources */ = {isa = PBXBuildFile; fileRef = 0DA6F0FD192B170F00C991F3 /* SLHistoryViewController.m */; };
		0DA6F102192B182A00C991F3 /* SLHistoryTableViewCell.m in Sources */ = {isa = PBXBuildFile; fileRef = 0DA6F101192B182A00C991F3 /* SLHistoryTableViewCell.m */; };
		0DA6F105192B1A9900C991F3 /* SLHistoryTableHeaderView.m in Sources */ = {isa = PBXBuildFile; fileRef = 0DA6F104192B1A9900C991F3 /* SLHistoryTableHeaderView.m */; };
		0DA6F108192B378C00C991F3 /* SLShareViewController.m in Sources */ = {isa = PBXBuildFile; fileRef = 0DA6F107192B378C00C991F3 /* SLShareViewController.m */; };
		0DA6F10B192B38A300C991F3 /* SLShareCell.m in Sources */ = {isa = PBXBuildFile; fileRef = 0DA6F10A192B38A300C991F3 /* SLShareCell.m */; };
		0DB5E6D9192C38CA006899D2 /* SLShareReusableView.m in Sources */ = {isa = PBXBuildFile; fileRef = 0DB5E6D8192C38CA006899D2 /* SLShareReusableView.m */; };
		0DB5E6DC192C4027006899D2 /* UIView+MZDebug.m in Sources */ = {isa = PBXBuildFile; fileRef = 0DB5E6DB192C4027006899D2 /* UIView+MZDebug.m */; };
		0DF9B37D1927BE6A00E02B2C /* SLInputView.m in Sources */ = {isa = PBXBuildFile; fileRef = 0DF9B37C1927BE6A00E02B2C /* SLInputView.m */; };
		A9C8DF98F11A49768D8A6AF7 /* libPods.a in Frameworks */ = {isa = PBXBuildFile; fileRef = BF21BCBACF48458BAB105539 /* libPods.a */; };
/* End PBXBuildFile section */

/* Begin PBXContainerItemProxy section */
		0D8FAF891927A876004DF862 /* PBXContainerItemProxy */ = {
			isa = PBXContainerItemProxy;
			containerPortal = 0D8FAF611927A876004DF862 /* Project object */;
			proxyType = 1;
			remoteGlobalIDString = 0D8FAF681927A876004DF862;
			remoteInfo = soulight;
		};
/* End PBXContainerItemProxy section */

/* Begin PBXFileReference section */
		0D0C9027192C947E00C08CA1 /* MZSingleton.h */ = {isa = PBXFileReference; fileEncoding = 4; lastKnownFileType = sourcecode.c.h; path = MZSingleton.h; sourceTree = "<group>"; };
		0D0C9029192C94D700C08CA1 /* SLTextData.h */ = {isa = PBXFileReference; fileEncoding = 4; lastKnownFileType = sourcecode.c.h; name = SLTextData.h; path = data/SLTextData.h; sourceTree = "<group>"; };
		0D0C902A192C94D700C08CA1 /* SLTextData.m */ = {isa = PBXFileReference; fileEncoding = 4; lastKnownFileType = sourcecode.c.objc; name = SLTextData.m; path = data/SLTextData.m; sourceTree = "<group>"; };
		0D0C902C192C96AE00C08CA1 /* SLTextDataProvider.h */ = {isa = PBXFileReference; fileEncoding = 4; lastKnownFileType = sourcecode.c.h; name = SLTextDataProvider.h; path = data/SLTextDataProvider.h; sourceTree = "<group>"; };
		0D0C902D192C96AE00C08CA1 /* SLTextDataProvider.m */ = {isa = PBXFileReference; fileEncoding = 4; lastKnownFileType = sourcecode.c.objc; name = SLTextDataProvider.m; path = data/SLTextDataProvider.m; sourceTree = "<group>"; };
		0D5F642F192D9F4200D7C375 /* SLHistoryTopView.h */ = {isa = PBXFileReference; fileEncoding = 4; lastKnownFileType = sourcecode.c.h; name = SLHistoryTopView.h; path = views/cells/SLHistoryTopView.h; sourceTree = "<group>"; };
		0D5F6430192D9F4200D7C375 /* SLHistoryTopView.m */ = {isa = PBXFileReference; fileEncoding = 4; lastKnownFileType = sourcecode.c.objc; name = SLHistoryTopView.m; path = views/cells/SLHistoryTopView.m; sourceTree = "<group>"; };
		0D5F6432192DA54900D7C375 /* new@2x.png */ = {isa = PBXFileReference; lastKnownFileType = image.png; path = "new@2x.png"; sourceTree = "<group>"; };
		0D6A5A46192C53B600FF609B /* cloud@2x.png */ = {isa = PBXFileReference; lastKnownFileType = image.png; path = "cloud@2x.png"; sourceTree = "<group>"; };
		0D6A5A47192C53B600FF609B /* cloud_down@2x.png */ = {isa = PBXFileReference; lastKnownFileType = image.png; path = "cloud_down@2x.png"; sourceTree = "<group>"; };
		0D6A5A48192C53B600FF609B /* cloud_up@2x.png */ = {isa = PBXFileReference; lastKnownFileType = image.png; path = "cloud_up@2x.png"; sourceTree = "<group>"; };
		0D6A5A4A192C53B600FF609B /* dayone@2x.png */ = {isa = PBXFileReference; lastKnownFileType = image.png; path = "dayone@2x.png"; sourceTree = "<group>"; };
		0D6A5A4B192C53B600FF609B /* down@2x.png */ = {isa = PBXFileReference; lastKnownFileType = image.png; path = "down@2x.png"; sourceTree = "<group>"; };
		0D6A5A4C192C53B600FF609B /* eye@2x.png */ = {isa = PBXFileReference; lastKnownFileType = image.png; path = "eye@2x.png"; sourceTree = "<group>"; };
		0D6A5A4D192C53B600FF609B /* help@2x.png */ = {isa = PBXFileReference; lastKnownFileType = image.png; path = "help@2x.png"; sourceTree = "<group>"; };
		0D6A5A4E192C53B600FF609B /* history@2x.png */ = {isa = PBXFileReference; lastKnownFileType = image.png; path = "history@2x.png"; sourceTree = "<group>"; };
		0D6A5A4F192C53B600FF609B /* info@2x.png */ = {isa = PBXFileReference; lastKnownFileType = image.png; path = "info@2x.png"; sourceTree = "<group>"; };
		0D6A5A50192C53B600FF609B /* lock@2x.png */ = {isa = PBXFileReference; lastKnownFileType = image.png; path = "lock@2x.png"; sourceTree = "<group>"; };
		0D6A5A51192C53B600FF609B /* lock_open@2x.png */ = {isa = PBXFileReference; lastKnownFileType = image.png; path = "lock_open@2x.png"; sourceTree = "<group>"; };
		0D6A5A52192C53B600FF609B /* loop@2x.png */ = {isa = PBXFileReference; lastKnownFileType = image.png; path = "loop@2x.png"; sourceTree = "<group>"; };
		0D6A5A53192C53B600FF609B /* money@2x.png */ = {isa = PBXFileReference; lastKnownFileType = image.png; path = "money@2x.png"; sourceTree = "<group>"; };
		0D6A5A54192C53B600FF609B /* no@2x.png */ = {isa = PBXFileReference; lastKnownFileType = image.png; path = "no@2x.png"; sourceTree = "<group>"; };
		0D6A5A55192C53B600FF609B /* pause@2x.png */ = {isa = PBXFileReference; lastKnownFileType = image.png; path = "pause@2x.png"; sourceTree = "<group>"; };
		0D6A5A56192C53B600FF609B /* pictures@2x.png */ = {isa = PBXFileReference; lastKnownFileType = image.png; path = "pictures@2x.png"; sourceTree = "<group>"; };
		0D6A5A57192C53B600FF609B /* play@2x.png */ = {isa = PBXFileReference; lastKnownFileType = image.png; path = "play@2x.png"; sourceTree = "<group>"; };
		0D6A5A58192C53B600FF609B /* redo@2x.png */ = {isa = PBXFileReference; lastKnownFileType = image.png; path = "redo@2x.png"; sourceTree = "<group>"; };
		0D6A5A59192C53B600FF609B /* settings@2x.png */ = {isa = PBXFileReference; lastKnownFileType = image.png; path = "settings@2x.png"; sourceTree = "<group>"; };
		0D6A5A5A192C53B600FF609B /* share@2x.png */ = {isa = PBXFileReference; lastKnownFileType = image.png; path = "share@2x.png"; sourceTree = "<group>"; };
		0D6A5A5B192C53B600FF609B /* stack@2x.png */ = {isa = PBXFileReference; lastKnownFileType = image.png; path = "stack@2x.png"; sourceTree = "<group>"; };
		0D6A5A5C192C53B600FF609B /* star@2x.png */ = {isa = PBXFileReference; lastKnownFileType = image.png; path = "star@2x.png"; sourceTree = "<group>"; };
		0D6A5A5D192C53B600FF609B /* thought@2x.png */ = {isa = PBXFileReference; lastKnownFileType = image.png; path = "thought@2x.png"; sourceTree = "<group>"; };
		0D6A5A5E192C53B600FF609B /* undo@2x.png */ = {isa = PBXFileReference; lastKnownFileType = image.png; path = "undo@2x.png"; sourceTree = "<group>"; };
		0D6A5A5F192C53B600FF609B /* waste@2x.png */ = {isa = PBXFileReference; lastKnownFileType = image.png; path = "waste@2x.png"; sourceTree = "<group>"; };
		0D6A5A60192C53B600FF609B /* yes@2x.png */ = {isa = PBXFileReference; lastKnownFileType = image.png; path = "yes@2x.png"; sourceTree = "<group>"; };
		0D6A5A7C192C552200FF609B /* bg@2x.jpg */ = {isa = PBXFileReference; lastKnownFileType = image.jpeg; path = "bg@2x.jpg"; sourceTree = "<group>"; };
		0D6A5A7D192C552200FF609B /* game@2x.png */ = {isa = PBXFileReference; lastKnownFileType = image.png; path = "game@2x.png"; sourceTree = "<group>"; };
		0D6A5A7E192C552200FF609B /* keyboard@2x.png */ = {isa = PBXFileReference; lastKnownFileType = image.png; path = "keyboard@2x.png"; sourceTree = "<group>"; };
		0D6A5A7F192C552200FF609B /* mic@2x.png */ = {isa = PBXFileReference; lastKnownFileType = image.png; path = "mic@2x.png"; sourceTree = "<group>"; };
		0D6A5A84192C605E00FF609B /* apple@2x.png */ = {isa = PBXFileReference; lastKnownFileType = image.png; path = "apple@2x.png"; sourceTree = "<group>"; };
		0D6A5A85192C605E00FF609B /* dropbox@2x.png */ = {isa = PBXFileReference; lastKnownFileType = image.png; path = "dropbox@2x.png"; sourceTree = "<group>"; };
		0D6A5A86192C605E00FF609B /* facebook@2x.png */ = {isa = PBXFileReference; lastKnownFileType = image.png; path = "facebook@2x.png"; sourceTree = "<group>"; };
		0D6A5A87192C605E00FF609B /* google_plus@2x.png */ = {isa = PBXFileReference; lastKnownFileType = image.png; path = "google_plus@2x.png"; sourceTree = "<group>"; };
		0D6A5A88192C605E00FF609B /* qq@2x.png */ = {isa = PBXFileReference; lastKnownFileType = image.png; path = "qq@2x.png"; sourceTree = "<group>"; };
		0D6A5A89192C605E00FF609B /* send@2x.png */ = {isa = PBXFileReference; lastKnownFileType = image.png; path = "send@2x.png"; sourceTree = "<group>"; };
		0D6A5A8A192C605E00FF609B /* share_arrow@2x.png */ = {isa = PBXFileReference; lastKnownFileType = image.png; path = "share_arrow@2x.png"; sourceTree = "<group>"; };
		0D6A5A8B192C605E00FF609B /* slack@2x.png */ = {isa = PBXFileReference; lastKnownFileType = image.png; path = "slack@2x.png"; sourceTree = "<group>"; };
		0D6A5A8C192C605E00FF609B /* sms@2x.png */ = {isa = PBXFileReference; lastKnownFileType = image.png; path = "sms@2x.png"; sourceTree = "<group>"; };
		0D6A5A8D192C605E00FF609B /* trello@2x.png */ = {isa = PBXFileReference; lastKnownFileType = image.png; path = "trello@2x.png"; sourceTree = "<group>"; };
		0D6A5A8E192C605E00FF609B /* twitter@2x.png */ = {isa = PBXFileReference; lastKnownFileType = image.png; path = "twitter@2x.png"; sourceTree = "<group>"; };
		0D6A5A8F192C605E00FF609B /* weibo_tenxun.png */ = {isa = PBXFileReference; lastKnownFileType = image.png; path = weibo_tenxun.png; sourceTree = "<group>"; };
		0D6A5A90192C605E00FF609B /* weibo@2x.png */ = {isa = PBXFileReference; lastKnownFileType = image.png; path = "weibo@2x.png"; sourceTree = "<group>"; };
		0D6A5A91192C605E00FF609B /* weixin@2x.png */ = {isa = PBXFileReference; lastKnownFileType = image.png; path = "weixin@2x.png"; sourceTree = "<group>"; };
		0D6A5AA2192C686700FF609B /* tweetbot@2x.png */ = {isa = PBXFileReference; lastKnownFileType = image.png; path = "tweetbot@2x.png"; sourceTree = "<group>"; };
		0D6A5AA6192C6A4800FF609B /* AVFoundation.framework */ = {isa = PBXFileReference; lastKnownFileType = wrapper.framework; name = AVFoundation.framework; path = System/Library/Frameworks/AVFoundation.framework; sourceTree = SDKROOT; };
		0D6A5AA8192C6A5400FF609B /* AddressBook.framework */ = {isa = PBXFileReference; lastKnownFileType = wrapper.framework; name = AddressBook.framework; path = System/Library/Frameworks/AddressBook.framework; sourceTree = SDKROOT; };
		0D6A5AAA192C6A5F00FF609B /* SystemConfiguration.framework */ = {isa = PBXFileReference; lastKnownFileType = wrapper.framework; name = SystemConfiguration.framework; path = System/Library/Frameworks/SystemConfiguration.framework; sourceTree = SDKROOT; };
		0D6A5AAC192C6A6600FF609B /* AudioToolbox.framework */ = {isa = PBXFileReference; lastKnownFileType = wrapper.framework; name = AudioToolbox.framework; path = System/Library/Frameworks/AudioToolbox.framework; sourceTree = SDKROOT; };
		0D6A5AAE192C6AF600FF609B /* iflyMSC.framework */ = {isa = PBXFileReference; lastKnownFileType = wrapper.framework; name = iflyMSC.framework; path = soulight/libs/iflyMSC.framework; sourceTree = "<group>"; };
		0D6BBB45192F9753006C29BB /* NSArray+MZAddition.h */ = {isa = PBXFileReference; fileEncoding = 4; lastKnownFileType = sourcecode.c.h; name = "NSArray+MZAddition.h"; path = "libs/MZAddition/NSArray+MZAddition.h"; sourceTree = "<group>"; };
		0D6BBB46192F9753006C29BB /* NSArray+MZAddition.m */ = {isa = PBXFileReference; fileEncoding = 4; lastKnownFileType = sourcecode.c.objc; name = "NSArray+MZAddition.m"; path = "libs/MZAddition/NSArray+MZAddition.m"; sourceTree = "<group>"; };
		0D8FAF691927A876004DF862 /* soulight.app */ = {isa = PBXFileReference; explicitFileType = wrapper.application; includeInIndex = 0; path = soulight.app; sourceTree = BUILT_PRODUCTS_DIR; };
		0D8FAF6C1927A876004DF862 /* Foundation.framework */ = {isa = PBXFileReference; lastKnownFileType = wrapper.framework; name = Foundation.framework; path = System/Library/Frameworks/Foundation.framework; sourceTree = SDKROOT; };
		0D8FAF6E1927A876004DF862 /* CoreGraphics.framework */ = {isa = PBXFileReference; lastKnownFileType = wrapper.framework; name = CoreGraphics.framework; path = System/Library/Frameworks/CoreGraphics.framework; sourceTree = SDKROOT; };
		0D8FAF701927A876004DF862 /* UIKit.framework */ = {isa = PBXFileReference; lastKnownFileType = wrapper.framework; name = UIKit.framework; path = System/Library/Frameworks/UIKit.framework; sourceTree = SDKROOT; };
		0D8FAF741927A876004DF862 /* soulight-Info.plist */ = {isa = PBXFileReference; lastKnownFileType = text.plist.xml; path = "soulight-Info.plist"; sourceTree = "<group>"; };
		0D8FAF761927A876004DF862 /* en */ = {isa = PBXFileReference; lastKnownFileType = text.plist.strings; name = en; path = en.lproj/InfoPlist.strings; sourceTree = "<group>"; };
		0D8FAF781927A876004DF862 /* main.m */ = {isa = PBXFileReference; lastKnownFileType = sourcecode.c.objc; path = main.m; sourceTree = "<group>"; };
		0D8FAF7A1927A876004DF862 /* soulight-Prefix.pch */ = {isa = PBXFileReference; lastKnownFileType = sourcecode.c.h; path = "soulight-Prefix.pch"; sourceTree = "<group>"; };
		0D8FAF7B1927A876004DF862 /* SLAppDelegate.h */ = {isa = PBXFileReference; lastKnownFileType = sourcecode.c.h; path = SLAppDelegate.h; sourceTree = "<group>"; };
		0D8FAF7C1927A876004DF862 /* SLAppDelegate.m */ = {isa = PBXFileReference; lastKnownFileType = sourcecode.c.objc; path = SLAppDelegate.m; sourceTree = "<group>"; };
		0D8FAF7E1927A876004DF862 /* Images.xcassets */ = {isa = PBXFileReference; lastKnownFileType = folder.assetcatalog; path = Images.xcassets; sourceTree = "<group>"; };
		0D8FAF841927A876004DF862 /* soulightTests.xctest */ = {isa = PBXFileReference; explicitFileType = wrapper.cfbundle; includeInIndex = 0; path = soulightTests.xctest; sourceTree = BUILT_PRODUCTS_DIR; };
		0D8FAF851927A876004DF862 /* XCTest.framework */ = {isa = PBXFileReference; lastKnownFileType = wrapper.framework; name = XCTest.framework; path = Library/Frameworks/XCTest.framework; sourceTree = DEVELOPER_DIR; };
		0D8FAF8D1927A876004DF862 /* soulightTests-Info.plist */ = {isa = PBXFileReference; lastKnownFileType = text.plist.xml; path = "soulightTests-Info.plist"; sourceTree = "<group>"; };
		0D8FAF8F1927A876004DF862 /* en */ = {isa = PBXFileReference; lastKnownFileType = text.plist.strings; name = en; path = en.lproj/InfoPlist.strings; sourceTree = "<group>"; };
		0D8FAF911927A876004DF862 /* soulightTests.m */ = {isa = PBXFileReference; lastKnownFileType = sourcecode.c.objc; path = soulightTests.m; sourceTree = "<group>"; };
		0D8FAF9D1927A953004DF862 /* SLHomeViewController.h */ = {isa = PBXFileReference; fileEncoding = 4; lastKnownFileType = sourcecode.c.h; name = SLHomeViewController.h; path = controllers/SLHomeViewController.h; sourceTree = "<group>"; };
		0D8FAF9E1927A953004DF862 /* SLHomeViewController.m */ = {isa = PBXFileReference; fileEncoding = 4; lastKnownFileType = sourcecode.c.objc; name = SLHomeViewController.m; path = controllers/SLHomeViewController.m; sourceTree = "<group>"; };
		0D8FAF9F1927A953004DF862 /* SLHomeViewController.xib */ = {isa = PBXFileReference; fileEncoding = 4; lastKnownFileType = file.xib; name = SLHomeViewController.xib; path = controllers/SLHomeViewController.xib; sourceTree = "<group>"; };
		0DA6F0FC192B170F00C991F3 /* SLHistoryViewController.h */ = {isa = PBXFileReference; fileEncoding = 4; lastKnownFileType = sourcecode.c.h; name = SLHistoryViewController.h; path = controllers/SLHistoryViewController.h; sourceTree = "<group>"; };
		0DA6F0FD192B170F00C991F3 /* SLHistoryViewController.m */ = {isa = PBXFileReference; fileEncoding = 4; lastKnownFileType = sourcecode.c.objc; name = SLHistoryViewController.m; path = controllers/SLHistoryViewController.m; sourceTree = "<group>"; };
		0DA6F100192B182A00C991F3 /* SLHistoryTableViewCell.h */ = {isa = PBXFileReference; fileEncoding = 4; lastKnownFileType = sourcecode.c.h; name = SLHistoryTableViewCell.h; path = views/cells/SLHistoryTableViewCell.h; sourceTree = "<group>"; };
		0DA6F101192B182A00C991F3 /* SLHistoryTableViewCell.m */ = {isa = PBXFileReference; fileEncoding = 4; lastKnownFileType = sourcecode.c.objc; name = SLHistoryTableViewCell.m; path = views/cells/SLHistoryTableViewCell.m; sourceTree = "<group>"; };
		0DA6F103192B1A9900C991F3 /* SLHistoryTableHeaderView.h */ = {isa = PBXFileReference; fileEncoding = 4; lastKnownFileType = sourcecode.c.h; name = SLHistoryTableHeaderView.h; path = views/cells/SLHistoryTableHeaderView.h; sourceTree = "<group>"; };
		0DA6F104192B1A9900C991F3 /* SLHistoryTableHeaderView.m */ = {isa = PBXFileReference; fileEncoding = 4; lastKnownFileType = sourcecode.c.objc; name = SLHistoryTableHeaderView.m; path = views/cells/SLHistoryTableHeaderView.m; sourceTree = "<group>"; };
		0DA6F106192B378C00C991F3 /* SLShareViewController.h */ = {isa = PBXFileReference; fileEncoding = 4; lastKnownFileType = sourcecode.c.h; name = SLShareViewController.h; path = controllers/SLShareViewController.h; sourceTree = "<group>"; };
		0DA6F107192B378C00C991F3 /* SLShareViewController.m */ = {isa = PBXFileReference; fileEncoding = 4; lastKnownFileType = sourcecode.c.objc; name = SLShareViewController.m; path = controllers/SLShareViewController.m; sourceTree = "<group>"; };
		0DA6F109192B38A300C991F3 /* SLShareCell.h */ = {isa = PBXFileReference; fileEncoding = 4; lastKnownFileType = sourcecode.c.h; name = SLShareCell.h; path = views/cells/SLShareCell.h; sourceTree = "<group>"; };
		0DA6F10A192B38A300C991F3 /* SLShareCell.m */ = {isa = PBXFileReference; fileEncoding = 4; lastKnownFileType = sourcecode.c.objc; name = SLShareCell.m; path = views/cells/SLShareCell.m; sourceTree = "<group>"; };
		0DB5E6D7192C38CA006899D2 /* SLShareReusableView.h */ = {isa = PBXFileReference; fileEncoding = 4; lastKnownFileType = sourcecode.c.h; name = SLShareReusableView.h; path = views/cells/SLShareReusableView.h; sourceTree = "<group>"; };
		0DB5E6D8192C38CA006899D2 /* SLShareReusableView.m */ = {isa = PBXFileReference; fileEncoding = 4; lastKnownFileType = sourcecode.c.objc; name = SLShareReusableView.m; path = views/cells/SLShareReusableView.m; sourceTree = "<group>"; };
		0DB5E6DA192C4027006899D2 /* UIView+MZDebug.h */ = {isa = PBXFileReference; fileEncoding = 4; lastKnownFileType = sourcecode.c.h; name = "UIView+MZDebug.h"; path = "libs/MZDebug/UIView+MZDebug.h"; sourceTree = "<group>"; };
		0DB5E6DB192C4027006899D2 /* UIView+MZDebug.m */ = {isa = PBXFileReference; fileEncoding = 4; lastKnownFileType = sourcecode.c.objc; name = "UIView+MZDebug.m"; path = "libs/MZDebug/UIView+MZDebug.m"; sourceTree = "<group>"; };
		0DF9B37B1927BE6A00E02B2C /* SLInputView.h */ = {isa = PBXFileReference; fileEncoding = 4; lastKnownFileType = sourcecode.c.h; name = SLInputView.h; path = views/SLInputView.h; sourceTree = "<group>"; };
		0DF9B37C1927BE6A00E02B2C /* SLInputView.m */ = {isa = PBXFileReference; fileEncoding = 4; lastKnownFileType = sourcecode.c.objc; name = SLInputView.m; path = views/SLInputView.m; sourceTree = "<group>"; };
		A21BF5E429164B8A89AE152B /* Pods.xcconfig */ = {isa = PBXFileReference; includeInIndex = 1; lastKnownFileType = text.xcconfig; name = Pods.xcconfig; path = Pods/Pods.xcconfig; sourceTree = "<group>"; };
		BF21BCBACF48458BAB105539 /* libPods.a */ = {isa = PBXFileReference; explicitFileType = archive.ar; includeInIndex = 0; path = libPods.a; sourceTree = BUILT_PRODUCTS_DIR; };
/* End PBXFileReference section */

/* Begin PBXFrameworksBuildPhase section */
		0D8FAF661927A876004DF862 /* Frameworks */ = {
			isa = PBXFrameworksBuildPhase;
			buildActionMask = 2147483647;
			files = (
				0D6A5AAD192C6A6600FF609B /* AudioToolbox.framework in Frameworks */,
				0D6A5AAB192C6A5F00FF609B /* SystemConfiguration.framework in Frameworks */,
				0D6A5AA9192C6A5400FF609B /* AddressBook.framework in Frameworks */,
				0D6A5AA7192C6A4800FF609B /* AVFoundation.framework in Frameworks */,
				0D8FAF6F1927A876004DF862 /* CoreGraphics.framework in Frameworks */,
				0D8FAF711927A876004DF862 /* UIKit.framework in Frameworks */,
				0D6A5AAF192C6AF600FF609B /* iflyMSC.framework in Frameworks */,
				0D8FAF6D1927A876004DF862 /* Foundation.framework in Frameworks */,
				A9C8DF98F11A49768D8A6AF7 /* libPods.a in Frameworks */,
			);
			runOnlyForDeploymentPostprocessing = 0;
		};
		0D8FAF811927A876004DF862 /* Frameworks */ = {
			isa = PBXFrameworksBuildPhase;
			buildActionMask = 2147483647;
			files = (
				0D8FAF861927A876004DF862 /* XCTest.framework in Frameworks */,
				0D8FAF881927A876004DF862 /* UIKit.framework in Frameworks */,
				0D8FAF871927A876004DF862 /* Foundation.framework in Frameworks */,
			);
			runOnlyForDeploymentPostprocessing = 0;
		};
/* End PBXFrameworksBuildPhase section */

/* Begin PBXGroup section */
		0D0C9026192C947E00C08CA1 /* MIMacro */ = {
			isa = PBXGroup;
			children = (
				0D0C9027192C947E00C08CA1 /* MZSingleton.h */,
			);
			path = MIMacro;
			sourceTree = "<group>";
		};
		0D0C9028192C94AB00C08CA1 /* data */ = {
			isa = PBXGroup;
			children = (
				0D0C9029192C94D700C08CA1 /* SLTextData.h */,
				0D0C902A192C94D700C08CA1 /* SLTextData.m */,
				0D0C902C192C96AE00C08CA1 /* SLTextDataProvider.h */,
				0D0C902D192C96AE00C08CA1 /* SLTextDataProvider.m */,
			);
			name = data;
			sourceTree = "<group>";
		};
		0D6A5A44192C53B600FF609B /* resource */ = {
			isa = PBXGroup;
			children = (
				0D6A5A45192C53B600FF609B /* images */,
			);
			path = resource;
			sourceTree = "<group>";
		};
		0D6A5A45192C53B600FF609B /* images */ = {
			isa = PBXGroup;
			children = (
				0D5F6432192DA54900D7C375 /* new@2x.png */,
				0D6A5AA2192C686700FF609B /* tweetbot@2x.png */,
				0D6A5A84192C605E00FF609B /* apple@2x.png */,
				0D6A5A85192C605E00FF609B /* dropbox@2x.png */,
				0D6A5A86192C605E00FF609B /* facebook@2x.png */,
				0D6A5A87192C605E00FF609B /* google_plus@2x.png */,
				0D6A5A88192C605E00FF609B /* qq@2x.png */,
				0D6A5A89192C605E00FF609B /* send@2x.png */,
				0D6A5A8A192C605E00FF609B /* share_arrow@2x.png */,
				0D6A5A8B192C605E00FF609B /* slack@2x.png */,
				0D6A5A8C192C605E00FF609B /* sms@2x.png */,
				0D6A5A8D192C605E00FF609B /* trello@2x.png */,
				0D6A5A8E192C605E00FF609B /* twitter@2x.png */,
				0D6A5A8F192C605E00FF609B /* weibo_tenxun.png */,
				0D6A5A90192C605E00FF609B /* weibo@2x.png */,
				0D6A5A91192C605E00FF609B /* weixin@2x.png */,
				0D6A5A7C192C552200FF609B /* bg@2x.jpg */,
				0D6A5A7D192C552200FF609B /* game@2x.png */,
				0D6A5A7E192C552200FF609B /* keyboard@2x.png */,
				0D6A5A7F192C552200FF609B /* mic@2x.png */,
				0D6A5A46192C53B600FF609B /* cloud@2x.png */,
				0D6A5A47192C53B600FF609B /* cloud_down@2x.png */,
				0D6A5A48192C53B600FF609B /* cloud_up@2x.png */,
				0D6A5A4A192C53B600FF609B /* dayone@2x.png */,
				0D6A5A4B192C53B600FF609B /* down@2x.png */,
				0D6A5A4C192C53B600FF609B /* eye@2x.png */,
				0D6A5A4D192C53B600FF609B /* help@2x.png */,
				0D6A5A4E192C53B600FF609B /* history@2x.png */,
				0D6A5A4F192C53B600FF609B /* info@2x.png */,
				0D6A5A50192C53B600FF609B /* lock@2x.png */,
				0D6A5A51192C53B600FF609B /* lock_open@2x.png */,
				0D6A5A52192C53B600FF609B /* loop@2x.png */,
				0D6A5A53192C53B600FF609B /* money@2x.png */,
				0D6A5A54192C53B600FF609B /* no@2x.png */,
				0D6A5A55192C53B600FF609B /* pause@2x.png */,
				0D6A5A56192C53B600FF609B /* pictures@2x.png */,
				0D6A5A57192C53B600FF609B /* play@2x.png */,
				0D6A5A58192C53B600FF609B /* redo@2x.png */,
				0D6A5A59192C53B600FF609B /* settings@2x.png */,
				0D6A5A5A192C53B600FF609B /* share@2x.png */,
				0D6A5A5B192C53B600FF609B /* stack@2x.png */,
				0D6A5A5C192C53B600FF609B /* star@2x.png */,
				0D6A5A5D192C53B600FF609B /* thought@2x.png */,
				0D6A5A5E192C53B600FF609B /* undo@2x.png */,
				0D6A5A5F192C53B600FF609B /* waste@2x.png */,
				0D6A5A60192C53B600FF609B /* yes@2x.png */,
			);
			path = images;
			sourceTree = "<group>";
		};
		0D6BBB44192F96C9006C29BB /* MZAddition */ = {
			isa = PBXGroup;
			children = (
				0D6BBB45192F9753006C29BB /* NSArray+MZAddition.h */,
				0D6BBB46192F9753006C29BB /* NSArray+MZAddition.m */,
			);
			name = MZAddition;
			sourceTree = "<group>";
		};
		0D8FAF601927A876004DF862 = {
			isa = PBXGroup;
			children = (
				0D6A5A44192C53B600FF609B /* resource */,
				0D8FAF721927A876004DF862 /* soulight */,
				0D8FAF8B1927A876004DF862 /* soulightTests */,
				0D8FAF6B1927A876004DF862 /* Frameworks */,
				0D8FAF6A1927A876004DF862 /* Products */,
				A21BF5E429164B8A89AE152B /* Pods.xcconfig */,
			);
			sourceTree = "<group>";
		};
		0D8FAF6A1927A876004DF862 /* Products */ = {
			isa = PBXGroup;
			children = (
				0D8FAF691927A876004DF862 /* soulight.app */,
				0D8FAF841927A876004DF862 /* soulightTests.xctest */,
			);
			name = Products;
			sourceTree = "<group>";
		};
		0D8FAF6B1927A876004DF862 /* Frameworks */ = {
			isa = PBXGroup;
			children = (
				0D6A5AAE192C6AF600FF609B /* iflyMSC.framework */,
				0D6A5AAC192C6A6600FF609B /* AudioToolbox.framework */,
				0D6A5AAA192C6A5F00FF609B /* SystemConfiguration.framework */,
				0D6A5AA8192C6A5400FF609B /* AddressBook.framework */,
				0D6A5AA6192C6A4800FF609B /* AVFoundation.framework */,
				0D8FAF6C1927A876004DF862 /* Foundation.framework */,
				0D8FAF6E1927A876004DF862 /* CoreGraphics.framework */,
				0D8FAF701927A876004DF862 /* UIKit.framework */,
				0D8FAF851927A876004DF862 /* XCTest.framework */,
				BF21BCBACF48458BAB105539 /* libPods.a */,
			);
			name = Frameworks;
			sourceTree = "<group>";
		};
		0D8FAF721927A876004DF862 /* soulight */ = {
			isa = PBXGroup;
			children = (
				0D8FAF7B1927A876004DF862 /* SLAppDelegate.h */,
				0D8FAF7C1927A876004DF862 /* SLAppDelegate.m */,
				0D0C9028192C94AB00C08CA1 /* data */,
				0DF9B37A1927BE2300E02B2C /* views */,
				0D8FAF9B1927A901004DF862 /* libs */,
				0D8FAF9C1927A90E004DF862 /* controllers */,
				0D8FAF7E1927A876004DF862 /* Images.xcassets */,
				0D8FAF731927A876004DF862 /* Supporting Files */,
			);
			path = soulight;
			sourceTree = "<group>";
		};
		0D8FAF731927A876004DF862 /* Supporting Files */ = {
			isa = PBXGroup;
			children = (
				0D8FAF741927A876004DF862 /* soulight-Info.plist */,
				0D8FAF751927A876004DF862 /* InfoPlist.strings */,
				0D8FAF781927A876004DF862 /* main.m */,
				0D8FAF7A1927A876004DF862 /* soulight-Prefix.pch */,
			);
			name = "Supporting Files";
			sourceTree = "<group>";
		};
		0D8FAF8B1927A876004DF862 /* soulightTests */ = {
			isa = PBXGroup;
			children = (
				0D8FAF911927A876004DF862 /* soulightTests.m */,
				0D8FAF8C1927A876004DF862 /* Supporting Files */,
			);
			path = soulightTests;
			sourceTree = "<group>";
		};
		0D8FAF8C1927A876004DF862 /* Supporting Files */ = {
			isa = PBXGroup;
			children = (
				0D8FAF8D1927A876004DF862 /* soulightTests-Info.plist */,
				0D8FAF8E1927A876004DF862 /* InfoPlist.strings */,
			);
			name = "Supporting Files";
			sourceTree = "<group>";
		};
		0D8FAF9B1927A901004DF862 /* libs */ = {
			isa = PBXGroup;
			children = (
				0D6BBB44192F96C9006C29BB /* MZAddition */,
				0D0C9026192C947E00C08CA1 /* MIMacro */,
				0DB5E6DD192C402B006899D2 /* MZDebug */,
			);
			name = libs;
			sourceTree = "<group>";
		};
		0D8FAF9C1927A90E004DF862 /* controllers */ = {
			isa = PBXGroup;
			children = (
				0D8FAF9D1927A953004DF862 /* SLHomeViewController.h */,
				0D8FAF9E1927A953004DF862 /* SLHomeViewController.m */,
				0D8FAF9F1927A953004DF862 /* SLHomeViewController.xib */,
				0DA6F0FC192B170F00C991F3 /* SLHistoryViewController.h */,
				0DA6F0FD192B170F00C991F3 /* SLHistoryViewController.m */,
				0DA6F106192B378C00C991F3 /* SLShareViewController.h */,
				0DA6F107192B378C00C991F3 /* SLShareViewController.m */,
			);
			name = controllers;
			sourceTree = "<group>";
		};
		0DA6F0FF192B180100C991F3 /* cells */ = {
			isa = PBXGroup;
			children = (
				0DA6F100192B182A00C991F3 /* SLHistoryTableViewCell.h */,
				0DA6F101192B182A00C991F3 /* SLHistoryTableViewCell.m */,
				0DA6F103192B1A9900C991F3 /* SLHistoryTableHeaderView.h */,
				0DA6F104192B1A9900C991F3 /* SLHistoryTableHeaderView.m */,
				0DA6F109192B38A300C991F3 /* SLShareCell.h */,
				0DA6F10A192B38A300C991F3 /* SLShareCell.m */,
				0DB5E6D7192C38CA006899D2 /* SLShareReusableView.h */,
				0DB5E6D8192C38CA006899D2 /* SLShareReusableView.m */,
				0D5F642F192D9F4200D7C375 /* SLHistoryTopView.h */,
				0D5F6430192D9F4200D7C375 /* SLHistoryTopView.m */,
			);
			name = cells;
			sourceTree = "<group>";
		};
		0DB5E6DD192C402B006899D2 /* MZDebug */ = {
			isa = PBXGroup;
			children = (
				0DB5E6DA192C4027006899D2 /* UIView+MZDebug.h */,
				0DB5E6DB192C4027006899D2 /* UIView+MZDebug.m */,
			);
			name = MZDebug;
			sourceTree = "<group>";
		};
		0DF9B37A1927BE2300E02B2C /* views */ = {
			isa = PBXGroup;
			children = (
				0DA6F0FF192B180100C991F3 /* cells */,
				0DF9B37B1927BE6A00E02B2C /* SLInputView.h */,
				0DF9B37C1927BE6A00E02B2C /* SLInputView.m */,
			);
			name = views;
			sourceTree = "<group>";
		};
/* End PBXGroup section */

/* Begin PBXNativeTarget section */
		0D8FAF681927A876004DF862 /* soulight */ = {
			isa = PBXNativeTarget;
			buildConfigurationList = 0D8FAF951927A876004DF862 /* Build configuration list for PBXNativeTarget "soulight" */;
			buildPhases = (
				BF7D969A069347BEB8A55455 /* Check Pods Manifest.lock */,
				0D8FAF651927A876004DF862 /* Sources */,
				0D8FAF661927A876004DF862 /* Frameworks */,
				0D8FAF671927A876004DF862 /* Resources */,
				D7F240F9B100436FAB2472A9 /* Copy Pods Resources */,
			);
			buildRules = (
			);
			dependencies = (
			);
			name = soulight;
			productName = soulight;
			productReference = 0D8FAF691927A876004DF862 /* soulight.app */;
			productType = "com.apple.product-type.application";
		};
		0D8FAF831927A876004DF862 /* soulightTests */ = {
			isa = PBXNativeTarget;
			buildConfigurationList = 0D8FAF981927A876004DF862 /* Build configuration list for PBXNativeTarget "soulightTests" */;
			buildPhases = (
				0D8FAF801927A876004DF862 /* Sources */,
				0D8FAF811927A876004DF862 /* Frameworks */,
				0D8FAF821927A876004DF862 /* Resources */,
			);
			buildRules = (
			);
			dependencies = (
				0D8FAF8A1927A876004DF862 /* PBXTargetDependency */,
			);
			name = soulightTests;
			productName = soulightTests;
			productReference = 0D8FAF841927A876004DF862 /* soulightTests.xctest */;
			productType = "com.apple.product-type.bundle.unit-test";
		};
/* End PBXNativeTarget section */

/* Begin PBXProject section */
		0D8FAF611927A876004DF862 /* Project object */ = {
			isa = PBXProject;
			attributes = {
				CLASSPREFIX = SL;
				LastUpgradeCheck = 0510;
				ORGANIZATIONNAME = i0xbean;
				TargetAttributes = {
					0D8FAF681927A876004DF862 = {
						DevelopmentTeam = 5V5696VKXV;
					};
					0D8FAF831927A876004DF862 = {
						TestTargetID = 0D8FAF681927A876004DF862;
					};
				};
			};
			buildConfigurationList = 0D8FAF641927A876004DF862 /* Build configuration list for PBXProject "Soulight" */;
			compatibilityVersion = "Xcode 3.2";
			developmentRegion = English;
			hasScannedForEncodings = 0;
			knownRegions = (
				en,
			);
			mainGroup = 0D8FAF601927A876004DF862;
			productRefGroup = 0D8FAF6A1927A876004DF862 /* Products */;
			projectDirPath = "";
			projectRoot = "";
			targets = (
				0D8FAF681927A876004DF862 /* soulight */,
				0D8FAF831927A876004DF862 /* soulightTests */,
			);
		};
/* End PBXProject section */

/* Begin PBXResourcesBuildPhase section */
		0D8FAF671927A876004DF862 /* Resources */ = {
			isa = PBXResourcesBuildPhase;
			buildActionMask = 2147483647;
			files = (
				0D6A5A61192C53B600FF609B /* cloud@2x.png in Resources */,
				0D6A5A7A192C53B600FF609B /* waste@2x.png in Resources */,
				0D6A5A81192C552200FF609B /* game@2x.png in Resources */,
				0D6A5A7B192C53B600FF609B /* yes@2x.png in Resources */,
				0D6A5A62192C53B600FF609B /* cloud_down@2x.png in Resources */,
				0D6A5A74192C53B600FF609B /* settings@2x.png in Resources */,
				0D6A5A82192C552200FF609B /* keyboard@2x.png in Resources */,
				0D6A5A6D192C53B600FF609B /* loop@2x.png in Resources */,
				0D6A5A80192C552200FF609B /* bg@2x.jpg in Resources */,
				0D6A5A71192C53B600FF609B /* pictures@2x.png in Resources */,
				0D6A5A76192C53B600FF609B /* stack@2x.png in Resources */,
				0D6A5A65192C53B600FF609B /* dayone@2x.png in Resources */,
				0D6A5A9B192C605E00FF609B /* trello@2x.png in Resources */,
				0D6A5A9A192C605E00FF609B /* sms@2x.png in Resources */,
				0D8FAF771927A876004DF862 /* InfoPlist.strings in Resources */,
				0D6A5A9E192C605E00FF609B /* weibo@2x.png in Resources */,
				0D6A5A77192C53B600FF609B /* star@2x.png in Resources */,
				0D8FAFA11927A953004DF862 /* SLHomeViewController.xib in Resources */,
				0D6A5A6C192C53B600FF609B /* lock_open@2x.png in Resources */,
				0D6A5A92192C605E00FF609B /* apple@2x.png in Resources */,
				0D6A5A98192C605E00FF609B /* share_arrow@2x.png in Resources */,
				0D6A5A9C192C605E00FF609B /* twitter@2x.png in Resources */,
				0D6A5A66192C53B600FF609B /* down@2x.png in Resources */,
				0D6A5A6A192C53B600FF609B /* info@2x.png in Resources */,
				0D6A5A6F192C53B600FF609B /* no@2x.png in Resources */,
				0D6A5A6B192C53B600FF609B /* lock@2x.png in Resources */,
				0D6A5A83192C552200FF609B /* mic@2x.png in Resources */,
				0D6A5A67192C53B600FF609B /* eye@2x.png in Resources */,
				0D8FAF7F1927A876004DF862 /* Images.xcassets in Resources */,
				0D6A5A9D192C605E00FF609B /* weibo_tenxun.png in Resources */,
				0D6A5A72192C53B600FF609B /* play@2x.png in Resources */,
				0D5F6433192DA54900D7C375 /* new@2x.png in Resources */,
				0D6A5AA3192C686700FF609B /* tweetbot@2x.png in Resources */,
				0D6A5A73192C53B600FF609B /* redo@2x.png in Resources */,
				0D6A5A95192C605E00FF609B /* google_plus@2x.png in Resources */,
				0D6A5A6E192C53B600FF609B /* money@2x.png in Resources */,
				0D6A5A96192C605E00FF609B /* qq@2x.png in Resources */,
				0D6A5A99192C605E00FF609B /* slack@2x.png in Resources */,
				0D6A5A69192C53B600FF609B /* history@2x.png in Resources */,
				0D6A5A79192C53B600FF609B /* undo@2x.png in Resources */,
				0D6A5A75192C53B600FF609B /* share@2x.png in Resources */,
				0D6A5A63192C53B600FF609B /* cloud_up@2x.png in Resources */,
				0D6A5A97192C605E00FF609B /* send@2x.png in Resources */,
				0D6A5A68192C53B600FF609B /* help@2x.png in Resources */,
				0D6A5A93192C605E00FF609B /* dropbox@2x.png in Resources */,
				0D6A5A70192C53B600FF609B /* pause@2x.png in Resources */,
				0D6A5A78192C53B600FF609B /* thought@2x.png in Resources */,
				0D6A5A9F192C605E00FF609B /* weixin@2x.png in Resources */,
				0D6A5A94192C605E00FF609B /* facebook@2x.png in Resources */,
			);
			runOnlyForDeploymentPostprocessing = 0;
		};
		0D8FAF821927A876004DF862 /* Resources */ = {
			isa = PBXResourcesBuildPhase;
			buildActionMask = 2147483647;
			files = (
				0D8FAF901927A876004DF862 /* InfoPlist.strings in Resources */,
			);
			runOnlyForDeploymentPostprocessing = 0;
		};
/* End PBXResourcesBuildPhase section */

/* Begin PBXShellScriptBuildPhase section */
		BF7D969A069347BEB8A55455 /* Check Pods Manifest.lock */ = {
			isa = PBXShellScriptBuildPhase;
			buildActionMask = 2147483647;
			files = (
			);
			inputPaths = (
			);
			name = "Check Pods Manifest.lock";
			outputPaths = (
			);
			runOnlyForDeploymentPostprocessing = 0;
			shellPath = /bin/sh;
			shellScript = "diff \"${PODS_ROOT}/../Podfile.lock\" \"${PODS_ROOT}/Manifest.lock\" > /dev/null\nif [[ $? != 0 ]] ; then\n    cat << EOM\nerror: The sandbox is not in sync with the Podfile.lock. Run 'pod install' or update your CocoaPods installation.\nEOM\n    exit 1\nfi\n";
			showEnvVarsInLog = 0;
		};
		D7F240F9B100436FAB2472A9 /* Copy Pods Resources */ = {
			isa = PBXShellScriptBuildPhase;
			buildActionMask = 2147483647;
			files = (
			);
			inputPaths = (
			);
			name = "Copy Pods Resources";
			outputPaths = (
			);
			runOnlyForDeploymentPostprocessing = 0;
			shellPath = /bin/sh;
			shellScript = "\"${SRCROOT}/Pods/Pods-resources.sh\"\n";
			showEnvVarsInLog = 0;
		};
/* End PBXShellScriptBuildPhase section */

/* Begin PBXSourcesBuildPhase section */
		0D8FAF651927A876004DF862 /* Sources */ = {
			isa = PBXSourcesBuildPhase;
			buildActionMask = 2147483647;
			files = (
				0D8FAF791927A876004DF862 /* main.m in Sources */,
				0D8FAF7D1927A876004DF862 /* SLAppDelegate.m in Sources */,
				0DA6F10B192B38A300C991F3 /* SLShareCell.m in Sources */,
				0DB5E6DC192C4027006899D2 /* UIView+MZDebug.m in Sources */,
				0D0C902E192C96AE00C08CA1 /* SLTextDataProvider.m in Sources */,
				0DF9B37D1927BE6A00E02B2C /* SLInputView.m in Sources */,
				0DB5E6D9192C38CA006899D2 /* SLShareReusableView.m in Sources */,
				0DA6F108192B378C00C991F3 /* SLShareViewController.m in Sources */,
				0DA6F0FE192B170F00C991F3 /* SLHistoryViewController.m in Sources */,
				0D5F6431192D9F4200D7C375 /* SLHistoryTopView.m in Sources */,
				0D8FAFA01927A953004DF862 /* SLHomeViewController.m in Sources */,
				0D6BBB47192F9753006C29BB /* NSArray+MZAddition.m in Sources */,
				0D0C902B192C94D700C08CA1 /* SLTextData.m in Sources */,
				0DA6F102192B182A00C991F3 /* SLHistoryTableViewCell.m in Sources */,
				0DA6F105192B1A9900C991F3 /* SLHistoryTableHeaderView.m in Sources */,
			);
			runOnlyForDeploymentPostprocessing = 0;
		};
		0D8FAF801927A876004DF862 /* Sources */ = {
			isa = PBXSourcesBuildPhase;
			buildActionMask = 2147483647;
			files = (
				0D8FAF921927A876004DF862 /* soulightTests.m in Sources */,
			);
			runOnlyForDeploymentPostprocessing = 0;
		};
/* End PBXSourcesBuildPhase section */

/* Begin PBXTargetDependency section */
		0D8FAF8A1927A876004DF862 /* PBXTargetDependency */ = {
			isa = PBXTargetDependency;
			target = 0D8FAF681927A876004DF862 /* soulight */;
			targetProxy = 0D8FAF891927A876004DF862 /* PBXContainerItemProxy */;
		};
/* End PBXTargetDependency section */

/* Begin PBXVariantGroup section */
		0D8FAF751927A876004DF862 /* InfoPlist.strings */ = {
			isa = PBXVariantGroup;
			children = (
				0D8FAF761927A876004DF862 /* en */,
			);
			name = InfoPlist.strings;
			sourceTree = "<group>";
		};
		0D8FAF8E1927A876004DF862 /* InfoPlist.strings */ = {
			isa = PBXVariantGroup;
			children = (
				0D8FAF8F1927A876004DF862 /* en */,
			);
			name = InfoPlist.strings;
			sourceTree = "<group>";
		};
/* End PBXVariantGroup section */

/* Begin XCBuildConfiguration section */
		0D8FAF931927A876004DF862 /* Debug */ = {
			isa = XCBuildConfiguration;
			buildSettings = {
				ALWAYS_SEARCH_USER_PATHS = NO;
				CLANG_CXX_LANGUAGE_STANDARD = "gnu++0x";
				CLANG_CXX_LIBRARY = "libc++";
				CLANG_ENABLE_MODULES = YES;
				CLANG_ENABLE_OBJC_ARC = YES;
				CLANG_WARN_BOOL_CONVERSION = YES;
				CLANG_WARN_CONSTANT_CONVERSION = YES;
				CLANG_WARN_DIRECT_OBJC_ISA_USAGE = YES_ERROR;
				CLANG_WARN_EMPTY_BODY = YES;
				CLANG_WARN_ENUM_CONVERSION = YES;
				CLANG_WARN_INT_CONVERSION = YES;
				CLANG_WARN_OBJC_ROOT_CLASS = YES_ERROR;
				CLANG_WARN__DUPLICATE_METHOD_MATCH = YES;
				"CODE_SIGN_IDENTITY[sdk=iphoneos*]" = "iPhone Developer";
				COPY_PHASE_STRIP = NO;
				GCC_C_LANGUAGE_STANDARD = gnu99;
				GCC_DYNAMIC_NO_PIC = NO;
				GCC_OPTIMIZATION_LEVEL = 0;
				GCC_PREPROCESSOR_DEFINITIONS = (
					"DEBUG=1",
					"$(inherited)",
				);
				GCC_SYMBOLS_PRIVATE_EXTERN = NO;
				GCC_WARN_64_TO_32_BIT_CONVERSION = YES;
				GCC_WARN_ABOUT_RETURN_TYPE = YES_ERROR;
				GCC_WARN_UNDECLARED_SELECTOR = YES;
				GCC_WARN_UNINITIALIZED_AUTOS = YES_AGGRESSIVE;
				GCC_WARN_UNUSED_FUNCTION = YES;
				GCC_WARN_UNUSED_VARIABLE = YES;
				IPHONEOS_DEPLOYMENT_TARGET = 7.1;
				ONLY_ACTIVE_ARCH = YES;
				SDKROOT = iphoneos;
				TARGETED_DEVICE_FAMILY = "1,2";
			};
			name = Debug;
		};
		0D8FAF941927A876004DF862 /* Release */ = {
			isa = XCBuildConfiguration;
			buildSettings = {
				ALWAYS_SEARCH_USER_PATHS = NO;
				CLANG_CXX_LANGUAGE_STANDARD = "gnu++0x";
				CLANG_CXX_LIBRARY = "libc++";
				CLANG_ENABLE_MODULES = YES;
				CLANG_ENABLE_OBJC_ARC = YES;
				CLANG_WARN_BOOL_CONVERSION = YES;
				CLANG_WARN_CONSTANT_CONVERSION = YES;
				CLANG_WARN_DIRECT_OBJC_ISA_USAGE = YES_ERROR;
				CLANG_WARN_EMPTY_BODY = YES;
				CLANG_WARN_ENUM_CONVERSION = YES;
				CLANG_WARN_INT_CONVERSION = YES;
				CLANG_WARN_OBJC_ROOT_CLASS = YES_ERROR;
				CLANG_WARN__DUPLICATE_METHOD_MATCH = YES;
				"CODE_SIGN_IDENTITY[sdk=iphoneos*]" = "iPhone Developer";
				COPY_PHASE_STRIP = YES;
				ENABLE_NS_ASSERTIONS = NO;
				GCC_C_LANGUAGE_STANDARD = gnu99;
				GCC_WARN_64_TO_32_BIT_CONVERSION = YES;
				GCC_WARN_ABOUT_RETURN_TYPE = YES_ERROR;
				GCC_WARN_UNDECLARED_SELECTOR = YES;
				GCC_WARN_UNINITIALIZED_AUTOS = YES_AGGRESSIVE;
				GCC_WARN_UNUSED_FUNCTION = YES;
				GCC_WARN_UNUSED_VARIABLE = YES;
				IPHONEOS_DEPLOYMENT_TARGET = 7.1;
				SDKROOT = iphoneos;
				TARGETED_DEVICE_FAMILY = "1,2";
				VALIDATE_PRODUCT = YES;
			};
			name = Release;
		};
		0D8FAF961927A876004DF862 /* Debug */ = {
			isa = XCBuildConfiguration;
			baseConfigurationReference = A21BF5E429164B8A89AE152B /* Pods.xcconfig */;
			buildSettings = {
				ASSETCATALOG_COMPILER_APPICON_NAME = AppIcon;
				ASSETCATALOG_COMPILER_LAUNCHIMAGE_NAME = LaunchImage;
				CODE_SIGN_IDENTITY = "iPhone Developer";
				FRAMEWORK_SEARCH_PATHS = (
					"$(inherited)",
					"$(PROJECT_DIR)/soulight/libs",
				);
				GCC_PRECOMPILE_PREFIX_HEADER = YES;
				GCC_PREFIX_HEADER = "soulight/soulight-Prefix.pch";
				INFOPLIST_FILE = "soulight/soulight-Info.plist";
				IPHONEOS_DEPLOYMENT_TARGET = 7.0;
				PRODUCT_NAME = "$(TARGET_NAME)";
				WRAPPER_EXTENSION = app;
			};
			name = Debug;
		};
		0D8FAF971927A876004DF862 /* Release */ = {
			isa = XCBuildConfiguration;
			baseConfigurationReference = A21BF5E429164B8A89AE152B /* Pods.xcconfig */;
			buildSettings = {
				ASSETCATALOG_COMPILER_APPICON_NAME = AppIcon;
				ASSETCATALOG_COMPILER_LAUNCHIMAGE_NAME = LaunchImage;
				CODE_SIGN_IDENTITY = "iPhone Developer";
				FRAMEWORK_SEARCH_PATHS = (
					"$(inherited)",
					"$(PROJECT_DIR)/soulight/libs",
				);
				GCC_PRECOMPILE_PREFIX_HEADER = YES;
				GCC_PREFIX_HEADER = "soulight/soulight-Prefix.pch";
				INFOPLIST_FILE = "soulight/soulight-Info.plist";
				IPHONEOS_DEPLOYMENT_TARGET = 7.0;
				PRODUCT_NAME = "$(TARGET_NAME)";
				WRAPPER_EXTENSION = app;
			};
			name = Release;
		};
		0D8FAF991927A876004DF862 /* Debug */ = {
			isa = XCBuildConfiguration;
			buildSettings = {
				BUNDLE_LOADER = "$(BUILT_PRODUCTS_DIR)/soulight.app/soulight";
				FRAMEWORK_SEARCH_PATHS = (
					"$(SDKROOT)/Developer/Library/Frameworks",
					"$(inherited)",
					"$(DEVELOPER_FRAMEWORKS_DIR)",
				);
				GCC_PRECOMPILE_PREFIX_HEADER = YES;
				GCC_PREFIX_HEADER = "soulight/soulight-Prefix.pch";
				GCC_PREPROCESSOR_DEFINITIONS = (
					"DEBUG=1",
					"$(inherited)",
				);
				INFOPLIST_FILE = "soulightTests/soulightTests-Info.plist";
				IPHONEOS_DEPLOYMENT_TARGET = 7.0;
				PRODUCT_NAME = "$(TARGET_NAME)";
				TEST_HOST = "$(BUNDLE_LOADER)";
				WRAPPER_EXTENSION = xctest;
			};
			name = Debug;
		};
		0D8FAF9A1927A876004DF862 /* Release */ = {
			isa = XCBuildConfiguration;
			buildSettings = {
				BUNDLE_LOADER = "$(BUILT_PRODUCTS_DIR)/soulight.app/soulight";
				FRAMEWORK_SEARCH_PATHS = (
					"$(SDKROOT)/Developer/Library/Frameworks",
					"$(inherited)",
					"$(DEVELOPER_FRAMEWORKS_DIR)",
				);
				GCC_PRECOMPILE_PREFIX_HEADER = YES;
				GCC_PREFIX_HEADER = "soulight/soulight-Prefix.pch";
				INFOPLIST_FILE = "soulightTests/soulightTests-Info.plist";
				IPHONEOS_DEPLOYMENT_TARGET = 7.0;
				PRODUCT_NAME = "$(TARGET_NAME)";
				TEST_HOST = "$(BUNDLE_LOADER)";
				WRAPPER_EXTENSION = xctest;
			};
			name = Release;
		};
/* End XCBuildConfiguration section */

/* Begin XCConfigurationList section */
		0D8FAF641927A876004DF862 /* Build configuration list for PBXProject "Soulight" */ = {
			isa = XCConfigurationList;
			buildConfigurations = (
				0D8FAF931927A876004DF862 /* Debug */,
				0D8FAF941927A876004DF862 /* Release */,
			);
			defaultConfigurationIsVisible = 0;
			defaultConfigurationName = Release;
		};
		0D8FAF951927A876004DF862 /* Build configuration list for PBXNativeTarget "soulight" */ = {
			isa = XCConfigurationList;
			buildConfigurations = (
				0D8FAF961927A876004DF862 /* Debug */,
				0D8FAF971927A876004DF862 /* Release */,
			);
			defaultConfigurationIsVisible = 0;
			defaultConfigurationName = Release;
		};
		0D8FAF981927A876004DF862 /* Build configuration list for PBXNativeTarget "soulightTests" */ = {
			isa = XCConfigurationList;
			buildConfigurations = (
				0D8FAF991927A876004DF862 /* Debug */,
				0D8FAF9A1927A876004DF862 /* Release */,
			);
			defaultConfigurationIsVisible = 0;
			defaultConfigurationName = Release;
		};
/* End XCConfigurationList section */
	};
	rootObject = 0D8FAF611927A876004DF862 /* Project object */;
}
